<?xml version="1.0" encoding="utf-8"?>
<Project ToolsVersion="4.0" xmlns="http://schemas.microsoft.com/developer/msbuild/2003">
  <ItemGroup>
    <Filter Include="Archivos de origen">
      <UniqueIdentifier>{4FC737F1-C7A5-4376-A066-2A32D752A2FF}</UniqueIdentifier>
      <Extensions>cpp;c;cc;cxx;c++;cppm;ixx;def;odl;idl;hpj;bat;asm;asmx</Extensions>
    </Filter>
    <Filter Include="GameManagement">
      <UniqueIdentifier>{a9cf5c61-2bff-47c6-a9ab-cce80b7b13ec}</UniqueIdentifier>
    </Filter>
    <Filter Include="Objects">
      <UniqueIdentifier>{3cde5140-cfc0-492b-8002-eff448c87657}</UniqueIdentifier>
    </Filter>
  </ItemGroup>
  <ItemGroup>
    <ClCompile Include="src\main.cpp">
      <Filter>Archivos de origen</Filter>
    </ClCompile>
    <ClCompile Include="src\GameManagement\GameLoop.cpp">
      <Filter>GameManagement</Filter>
    </ClCompile>
    <ClCompile Include="src\GameManagement\Gameplay.cpp">
      <Filter>GameManagement</Filter>
    </ClCompile>
    <ClCompile Include="src\GameManagement\Menu.cpp">
      <Filter>GameManagement</Filter>
    </ClCompile>
    <ClCompile Include="src\Objects\Ball.cpp">
      <Filter>Objects</Filter>
    </ClCompile>
    <ClCompile Include="src\Objects\Paddle.cpp">
      <Filter>Objects</Filter>
    </ClCompile>
    <ClCompile Include="src\GameManagement\Utilities.cpp">
      <Filter>GameManagement</Filter>
    </ClCompile>
    <ClCompile Include="src\GameManagement\Screen.cpp">
      <Filter>GameManagement</Filter>
    </ClCompile>
    <ClCompile Include="src\Objects\Brick.cpp">
      <Filter>Objects</Filter>
    </ClCompile>
    <ClCompile Include="src\GameManagement\TextureManager.cpp">
      <Filter>GameManagement</Filter>
    </ClCompile>
  </ItemGroup>
  <ItemGroup>
    <ClInclude Include="src\GameManagement\GameData.h">
      <Filter>GameManagement</Filter>
    </ClInclude>
    <ClInclude Include="src\GameManagement\GameLoop.h">
      <Filter>GameManagement</Filter>
    </ClInclude>
    <ClInclude Include="src\GameManagement\Gameplay.h">
      <Filter>GameManagement</Filter>
    </ClInclude>
    <ClInclude Include="src\GameManagement\Menu.h">
      <Filter>GameManagement</Filter>
    </ClInclude>
    <ClInclude Include="src\GameManagement\SceneManager.h">
      <Filter>GameManagement</Filter>
    </ClInclude>
    <ClInclude Include="src\GameManagement\Scenes.h">
      <Filter>GameManagement</Filter>
    </ClInclude>
    <ClInclude Include="src\GameManagement\Utilities.h">
      <Filter>GameManagement</Filter>
    </ClInclude>
    <ClInclude Include="src\Objects\Ball.h">
      <Filter>Objects</Filter>
    </ClInclude>
    <ClInclude Include="src\Objects\Button.h">
      <Filter>Objects</Filter>
    </ClInclude>
    <ClInclude Include="src\Objects\Paddle.h">
      <Filter>Objects</Filter>
    </ClInclude>
    <ClInclude Include="src\GameManagement\Color.h">
      <Filter>GameManagement</Filter>
    </ClInclude>
    <ClInclude Include="src\GameManagement\Screen.h">
      <Filter>GameManagement</Filter>
    </ClInclude>
    <ClInclude Include="src\Objects\Brick.h">
      <Filter>Objects</Filter>
    </ClInclude>
    <ClInclude Include="src\GameManagement\TextureManager.h">
      <Filter>GameManagement</Filter>
    </ClInclude>
  </ItemGroup>
</Project>